{
  "nodes": {
    "nixpkgs": {
      "locked": {
        "lastModified": 1693659171,
        "narHash": "sha256-m7eU04u5IeU6NZMc68VjozcQf6vFUY3HfMHu6yCPLg0=",
        "owner": "nixos",
        "repo": "nixpkgs",
        "rev": "818441a0cfa929adb5979c4674840aff587c053b",
        "type": "github"
      },
      "original": {
        "owner": "nixos",
        "repo": "nixpkgs",
        "type": "github"
      }
    },
    "root": {
      "inputs": {
        "nixpkgs": "nixpkgs"
      }
    }
  },
  "root": "root",
  "version": 7
}
