{
  "nodes": {
    "nixpkgs": {
      "locked": {
        "lastModified": 1668949648,
        "narHash": "sha256-SKsffSzdY5NNd1kiajeg/ClFgJegSZys6liAQmL1lXw=",
        "owner": "nixos",
        "repo": "nixpkgs",
        "rev": "8181233059a8caf6f7bde1172c042a42883ecb56",
        "type": "github"
      },
      "original": {
        "owner": "nixos",
        "repo": "nixpkgs",
        "type": "github"
      }
    },
    "root": {
      "inputs": {
        "nixpkgs": "nixpkgs"
      }
    }
  },
  "root": "root",
  "version": 7
}
